
Microsoft Visual Studio Solution File, Format Version 12.00
# Visual Studio Version 17
VisualStudioVersion = 17.8.34330.188
MinimumVisualStudioVersion = 10.0.40219.1
Project("{9A19103F-16F7-4668-BE54-9A1E7A4F7556}") = "Aneejian.Games.ClickMatch.Client", "src\Aneejian.Games.ClickMatch.Client\Aneejian.Games.ClickMatch.Client.csproj", "{A26CB8DE-6FFA-46E8-938D-2E3F5148867A}"
EndProject
Project("{9A19103F-16F7-4668-BE54-9A1E7A4F7556}") = "Aneejian.Games.ClickMatch", "src\Aneejian.Games.ClickMatch\Aneejian.Games.ClickMatch.csproj", "{68674DBB-3A53-4429-8847-65524BD36708}"
EndProject
Project("{2150E333-8FDC-42A3-9474-1A3956D46DE8}") = "Solution Items", "Solution Items", "{75464D20-7FC0-4B6F-895A-774EE23C0585}"
	ProjectSection(SolutionItems) = preProject
		LICENSE = LICENSE
		README.md = README.md
	EndProjectSection
EndProject
Project("{9A19103F-16F7-4668-BE54-9A1E7A4F7556}") = "Aneejian.Games.ClickMatch.Console", "src\Aneejian.Games.ClickMatch.Console\Aneejian.Games.ClickMatch.Console.csproj", "{5AC65680-EB56-4AB5-9393-2AFC9CDDA2DE}"
EndProject
Global
	GlobalSection(SolutionConfigurationPlatforms) = preSolution
		Debug|Any CPU = Debug|Any CPU
		Release|Any CPU = Release|Any CPU
	EndGlobalSection
	GlobalSection(ProjectConfigurationPlatforms) = postSolution
		{A26CB8DE-6FFA-46E8-938D-2E3F5148867A}.Debug|Any CPU.ActiveCfg = Debug|Any CPU
		{A26CB8DE-6FFA-46E8-938D-2E3F5148867A}.Debug|Any CPU.Build.0 = Debug|Any CPU
		{A26CB8DE-6FFA-46E8-938D-2E3F5148867A}.Release|Any CPU.ActiveCfg = Release|Any CPU
		{A26CB8DE-6FFA-46E8-938D-2E3F5148867A}.Release|Any CPU.Build.0 = Release|Any CPU
		{68674DBB-3A53-4429-8847-65524BD36708}.Debug|Any CPU.ActiveCfg = Debug|Any CPU
		{68674DBB-3A53-4429-8847-65524BD36708}.Debug|Any CPU.Build.0 = Debug|Any CPU
		{68674DBB-3A53-4429-8847-65524BD36708}.Release|Any CPU.ActiveCfg = Release|Any CPU
		{68674DBB-3A53-4429-8847-65524BD36708}.Release|Any CPU.Build.0 = Release|Any CPU
		{5AC65680-EB56-4AB5-9393-2AFC9CDDA2DE}.Debug|Any CPU.ActiveCfg = Debug|Any CPU
		{5AC65680-EB56-4AB5-9393-2AFC9CDDA2DE}.Debug|Any CPU.Build.0 = Debug|Any CPU
		{5AC65680-EB56-4AB5-9393-2AFC9CDDA2DE}.Release|Any CPU.ActiveCfg = Release|Any CPU
		{5AC65680-EB56-4AB5-9393-2AFC9CDDA2DE}.Release|Any CPU.Build.0 = Release|Any CPU
		{53251C54-48B7-4D71-8885-E1B34F9DF53F}.Debug|Any CPU.ActiveCfg = Debug|Any CPU
		{53251C54-48B7-4D71-8885-E1B34F9DF53F}.Debug|Any CPU.Build.0 = Debug|Any CPU
		{53251C54-48B7-4D71-8885-E1B34F9DF53F}.Release|Any CPU.ActiveCfg = Release|Any CPU
		{53251C54-48B7-4D71-8885-E1B34F9DF53F}.Release|Any CPU.Build.0 = Release|Any CPU
	EndGlobalSection
	GlobalSection(SolutionProperties) = preSolution
		HideSolutionNode = FALSE
	EndGlobalSection
	GlobalSection(ExtensibilityGlobals) = postSolution
		SolutionGuid = {61036E88-F481-4A3D-8C23-1ADCAA47BE33}
	EndGlobalSection
EndGlobal
